// !$*UTF8*$!
{
	archiveVersion = 1;
	classes = {
	};
	objectVersion = 50;
	objects = {

/* Begin PBXBuildFile section */
		AC293C32220CDEB0004F7AD0 /* AppDelegate.swift in Sources */ = {isa = PBXBuildFile; fileRef = AC293C31220CDEB0004F7AD0 /* AppDelegate.swift */; };
		AC293C34220CDEB0004F7AD0 /* ViewController.swift in Sources */ = {isa = PBXBuildFile; fileRef = AC293C33220CDEB0004F7AD0 /* ViewController.swift */; };
		AC293C37220CDEB0004F7AD0 /* Main.storyboard in Resources */ = {isa = PBXBuildFile; fileRef = AC293C35220CDEB0004F7AD0 /* Main.storyboard */; };
		AC293C39220CDEB3004F7AD0 /* Assets.xcassets in Resources */ = {isa = PBXBuildFile; fileRef = AC293C38220CDEB3004F7AD0 /* Assets.xcassets */; };
		AC293C3C220CDEB3004F7AD0 /* LaunchScreen.storyboard in Resources */ = {isa = PBXBuildFile; fileRef = AC293C3A220CDEB3004F7AD0 /* LaunchScreen.storyboard */; };
		AC293C47220CDEB3004F7AD0 /* appTests.swift in Sources */ = {isa = PBXBuildFile; fileRef = AC293C46220CDEB3004F7AD0 /* appTests.swift */; };
		AC293C52220CDEB3004F7AD0 /* appUITests.swift in Sources */ = {isa = PBXBuildFile; fileRef = AC293C51220CDEB3004F7AD0 /* appUITests.swift */; };
/* End PBXBuildFile section */

/* Begin PBXContainerItemProxy section */
		AC293C43220CDEB3004F7AD0 /* PBXContainerItemProxy */ = {
			isa = PBXContainerItemProxy;
			containerPortal = AC293C26220CDEB0004F7AD0 /* Project object */;
			proxyType = 1;
			remoteGlobalIDString = AC293C2D220CDEB0004F7AD0;
			remoteInfo = app;
		};
		AC293C4E220CDEB3004F7AD0 /* PBXContainerItemProxy */ = {
			isa = PBXContainerItemProxy;
			containerPortal = AC293C26220CDEB0004F7AD0 /* Project object */;
			proxyType = 1;
			remoteGlobalIDString = AC293C2D220CDEB0004F7AD0;
			remoteInfo = app;
		};
/* End PBXContainerItemProxy section */

/* Begin PBXFileReference section */
		AC293C2E220CDEB0004F7AD0 /* app.app */ = {isa = PBXFileReference; explicitFileType = wrapper.application; includeInIndex = 0; path = app.app; sourceTree = BUILT_PRODUCTS_DIR; };
		AC293C31220CDEB0004F7AD0 /* AppDelegate.swift */ = {isa = PBXFileReference; lastKnownFileType = sourcecode.swift; path = AppDelegate.swift; sourceTree = "<group>"; };
		AC293C33220CDEB0004F7AD0 /* ViewController.swift */ = {isa = PBXFileReference; lastKnownFileType = sourcecode.swift; path = ViewController.swift; sourceTree = "<group>"; };
		AC293C36220CDEB0004F7AD0 /* Base */ = {isa = PBXFileReference; lastKnownFileType = file.storyboard; name = Base; path = Base.lproj/Main.storyboard; sourceTree = "<group>"; };
		AC293C38220CDEB3004F7AD0 /* Assets.xcassets */ = {isa = PBXFileReference; lastKnownFileType = folder.assetcatalog; path = Assets.xcassets; sourceTree = "<group>"; };
		AC293C3B220CDEB3004F7AD0 /* Base */ = {isa = PBXFileReference; lastKnownFileType = file.storyboard; name = Base; path = Base.lproj/LaunchScreen.storyboard; sourceTree = "<group>"; };
		AC293C3D220CDEB3004F7AD0 /* Info.plist */ = {isa = PBXFileReference; lastKnownFileType = text.plist.xml; path = Info.plist; sourceTree = "<group>"; };
		AC293C42220CDEB3004F7AD0 /* appTests.xctest */ = {isa = PBXFileReference; explicitFileType = wrapper.cfbundle; includeInIndex = 0; path = appTests.xctest; sourceTree = BUILT_PRODUCTS_DIR; };
		AC293C46220CDEB3004F7AD0 /* appTests.swift */ = {isa = PBXFileReference; lastKnownFileType = sourcecode.swift; path = appTests.swift; sourceTree = "<group>"; };
		AC293C48220CDEB3004F7AD0 /* Info.plist */ = {isa = PBXFileReference; lastKnownFileType = text.plist.xml; path = Info.plist; sourceTree = "<group>"; };
		AC293C4D220CDEB3004F7AD0 /* appUITests.xctest */ = {isa = PBXFileReference; explicitFileType = wrapper.cfbundle; includeInIndex = 0; path = appUITests.xctest; sourceTree = BUILT_PRODUCTS_DIR; };
		AC293C51220CDEB3004F7AD0 /* appUITests.swift */ = {isa = PBXFileReference; lastKnownFileType = sourcecode.swift; path = appUITests.swift; sourceTree = "<group>"; };
		AC293C53220CDEB3004F7AD0 /* Info.plist */ = {isa = PBXFileReference; lastKnownFileType = text.plist.xml; path = Info.plist; sourceTree = "<group>"; };
/* End PBXFileReference section */

/* Begin PBXFrameworksBuildPhase section */
		AC293C2B220CDEB0004F7AD0 /* Frameworks */ = {
			isa = PBXFrameworksBuildPhase;
			buildActionMask = 2147483647;
			files = (
			);
			runOnlyForDeploymentPostprocessing = 0;
		};
		AC293C3F220CDEB3004F7AD0 /* Frameworks */ = {
			isa = PBXFrameworksBuildPhase;
			buildActionMask = 2147483647;
			files = (
			);
			runOnlyForDeploymentPostprocessing = 0;
		};
		AC293C4A220CDEB3004F7AD0 /* Frameworks */ = {
			isa = PBXFrameworksBuildPhase;
			buildActionMask = 2147483647;
			files = (
			);
			runOnlyForDeploymentPostprocessing = 0;
		};
/* End PBXFrameworksBuildPhase section */

/* Begin PBXGroup section */
		AC293C25220CDEB0004F7AD0 = {
			isa = PBXGroup;
			children = (
				AC293C30220CDEB0004F7AD0 /* app */,
				AC293C45220CDEB3004F7AD0 /* appTests */,
				AC293C50220CDEB3004F7AD0 /* appUITests */,
				AC293C2F220CDEB0004F7AD0 /* Products */,
			);
			sourceTree = "<group>";
		};
		AC293C2F220CDEB0004F7AD0 /* Products */ = {
			isa = PBXGroup;
			children = (
				AC293C2E220CDEB0004F7AD0 /* app.app */,
				AC293C42220CDEB3004F7AD0 /* appTests.xctest */,
				AC293C4D220CDEB3004F7AD0 /* appUITests.xctest */,
			);
			name = Products;
			sourceTree = "<group>";
		};
		AC293C30220CDEB0004F7AD0 /* app */ = {
			isa = PBXGroup;
			children = (
				AC293C31220CDEB0004F7AD0 /* AppDelegate.swift */,
				AC293C33220CDEB0004F7AD0 /* ViewController.swift */,
				AC293C35220CDEB0004F7AD0 /* Main.storyboard */,
				AC293C38220CDEB3004F7AD0 /* Assets.xcassets */,
				AC293C3A220CDEB3004F7AD0 /* LaunchScreen.storyboard */,
				AC293C3D220CDEB3004F7AD0 /* Info.plist */,
			);
			path = app;
			sourceTree = "<group>";
		};
		AC293C45220CDEB3004F7AD0 /* appTests */ = {
			isa = PBXGroup;
			children = (
				AC293C46220CDEB3004F7AD0 /* appTests.swift */,
				AC293C48220CDEB3004F7AD0 /* Info.plist */,
			);
			path = appTests;
			sourceTree = "<group>";
		};
		AC293C50220CDEB3004F7AD0 /* appUITests */ = {
			isa = PBXGroup;
			children = (
				AC293C51220CDEB3004F7AD0 /* appUITests.swift */,
				AC293C53220CDEB3004F7AD0 /* Info.plist */,
			);
			path = appUITests;
			sourceTree = "<group>";
		};
/* End PBXGroup section */

/* Begin PBXNativeTarget section */
		AC293C2D220CDEB0004F7AD0 /* app */ = {
			isa = PBXNativeTarget;
			buildConfigurationList = AC293C56220CDEB3004F7AD0 /* Build configuration list for PBXNativeTarget "app" */;
			buildPhases = (
				AC293C2A220CDEB0004F7AD0 /* Sources */,
				AC293C2B220CDEB0004F7AD0 /* Frameworks */,
				AC293C2C220CDEB0004F7AD0 /* Resources */,
			);
			buildRules = (
			);
			dependencies = (
			);
			name = app;
			productName = app;
			productReference = AC293C2E220CDEB0004F7AD0 /* app.app */;
			productType = "com.apple.product-type.application";
		};
		AC293C41220CDEB3004F7AD0 /* appTests */ = {
			isa = PBXNativeTarget;
			buildConfigurationList = AC293C59220CDEB3004F7AD0 /* Build configuration list for PBXNativeTarget "appTests" */;
			buildPhases = (
				AC293C3E220CDEB3004F7AD0 /* Sources */,
				AC293C3F220CDEB3004F7AD0 /* Frameworks */,
				AC293C40220CDEB3004F7AD0 /* Resources */,
			);
			buildRules = (
			);
			dependencies = (
				AC293C44220CDEB3004F7AD0 /* PBXTargetDependency */,
			);
			name = appTests;
			productName = appTests;
			productReference = AC293C42220CDEB3004F7AD0 /* appTests.xctest */;
			productType = "com.apple.product-type.bundle.unit-test";
		};
		AC293C4C220CDEB3004F7AD0 /* appUITests */ = {
			isa = PBXNativeTarget;
			buildConfigurationList = AC293C5C220CDEB3004F7AD0 /* Build configuration list for PBXNativeTarget "appUITests" */;
			buildPhases = (
				AC293C49220CDEB3004F7AD0 /* Sources */,
				AC293C4A220CDEB3004F7AD0 /* Frameworks */,
				AC293C4B220CDEB3004F7AD0 /* Resources */,
			);
			buildRules = (
			);
			dependencies = (
				AC293C4F220CDEB3004F7AD0 /* PBXTargetDependency */,
			);
			name = appUITests;
			productName = appUITests;
			productReference = AC293C4D220CDEB3004F7AD0 /* appUITests.xctest */;
			productType = "com.apple.product-type.bundle.ui-testing";
		};
/* End PBXNativeTarget section */

/* Begin PBXProject section */
		AC293C26220CDEB0004F7AD0 /* Project object */ = {
			isa = PBXProject;
			attributes = {
				LastSwiftUpdateCheck = 1010;
				LastUpgradeCheck = 1010;
				ORGANIZATIONNAME = "Kim Pearce";
				TargetAttributes = {
					AC293C2D220CDEB0004F7AD0 = {
						CreatedOnToolsVersion = 10.1;
					};
					AC293C41220CDEB3004F7AD0 = {
						CreatedOnToolsVersion = 10.1;
						TestTargetID = AC293C2D220CDEB0004F7AD0;
					};
					AC293C4C220CDEB3004F7AD0 = {
						CreatedOnToolsVersion = 10.1;
						TestTargetID = AC293C2D220CDEB0004F7AD0;
					};
				};
			};
			buildConfigurationList = AC293C29220CDEB0004F7AD0 /* Build configuration list for PBXProject "app" */;
			compatibilityVersion = "Xcode 9.3";
			developmentRegion = en;
			hasScannedForEncodings = 0;
			knownRegions = (
				en,
				Base,
			);
			mainGroup = AC293C25220CDEB0004F7AD0;
			productRefGroup = AC293C2F220CDEB0004F7AD0 /* Products */;
			projectDirPath = "";
			projectRoot = "";
			targets = (
				AC293C2D220CDEB0004F7AD0 /* app */,
				AC293C41220CDEB3004F7AD0 /* appTests */,
				AC293C4C220CDEB3004F7AD0 /* appUITests */,
			);
		};
/* End PBXProject section */

/* Begin PBXResourcesBuildPhase section */
		AC293C2C220CDEB0004F7AD0 /* Resources */ = {
			isa = PBXResourcesBuildPhase;
			buildActionMask = 2147483647;
			files = (
				AC293C3C220CDEB3004F7AD0 /* LaunchScreen.storyboard in Resources */,
				AC293C39220CDEB3004F7AD0 /* Assets.xcassets in Resources */,
				AC293C37220CDEB0004F7AD0 /* Main.storyboard in Resources */,
			);
			runOnlyForDeploymentPostprocessing = 0;
		};
		AC293C40220CDEB3004F7AD0 /* Resources */ = {
			isa = PBXResourcesBuildPhase;
			buildActionMask = 2147483647;
			files = (
			);
			runOnlyForDeploymentPostprocessing = 0;
		};
		AC293C4B220CDEB3004F7AD0 /* Resources */ = {
			isa = PBXResourcesBuildPhase;
			buildActionMask = 2147483647;
			files = (
			);
			runOnlyForDeploymentPostprocessing = 0;
		};
/* End PBXResourcesBuildPhase section */

/* Begin PBXSourcesBuildPhase section */
		AC293C2A220CDEB0004F7AD0 /* Sources */ = {
			isa = PBXSourcesBuildPhase;
			buildActionMask = 2147483647;
			files = (
				AC293C34220CDEB0004F7AD0 /* ViewController.swift in Sources */,
				AC293C32220CDEB0004F7AD0 /* AppDelegate.swift in Sources */,
			);
			runOnlyForDeploymentPostprocessing = 0;
		};
		AC293C3E220CDEB3004F7AD0 /* Sources */ = {
			isa = PBXSourcesBuildPhase;
			buildActionMask = 2147483647;
			files = (
				AC293C47220CDEB3004F7AD0 /* appTests.swift in Sources */,
			);
			runOnlyForDeploymentPostprocessing = 0;
		};
		AC293C49220CDEB3004F7AD0 /* Sources */ = {
			isa = PBXSourcesBuildPhase;
			buildActionMask = 2147483647;
			files = (
				AC293C52220CDEB3004F7AD0 /* appUITests.swift in Sources */,
			);
			runOnlyForDeploymentPostprocessing = 0;
		};
/* End PBXSourcesBuildPhase section */

/* Begin PBXTargetDependency section */
		AC293C44220CDEB3004F7AD0 /* PBXTargetDependency */ = {
			isa = PBXTargetDependency;
			target = AC293C2D220CDEB0004F7AD0 /* app */;
			targetProxy = AC293C43220CDEB3004F7AD0 /* PBXContainerItemProxy */;
		};
		AC293C4F220CDEB3004F7AD0 /* PBXTargetDependency */ = {
			isa = PBXTargetDependency;
			target = AC293C2D220CDEB0004F7AD0 /* app */;
			targetProxy = AC293C4E220CDEB3004F7AD0 /* PBXContainerItemProxy */;
		};
/* End PBXTargetDependency section */

/* Begin PBXVariantGroup section */
		AC293C35220CDEB0004F7AD0 /* Main.storyboard */ = {
			isa = PBXVariantGroup;
			children = (
				AC293C36220CDEB0004F7AD0 /* Base */,
			);
			name = Main.storyboard;
			sourceTree = "<group>";
		};
		AC293C3A220CDEB3004F7AD0 /* LaunchScreen.storyboard */ = {
			isa = PBXVariantGroup;
			children = (
				AC293C3B220CDEB3004F7AD0 /* Base */,
			);
			name = LaunchScreen.storyboard;
			sourceTree = "<group>";
		};
/* End PBXVariantGroup section */

/* Begin XCBuildConfiguration section */
		AC293C54220CDEB3004F7AD0 /* Debug */ = {
			isa = XCBuildConfiguration;
			buildSettings = {
				ALWAYS_SEARCH_USER_PATHS = NO;
				CLANG_ANALYZER_NONNULL = YES;
				CLANG_ANALYZER_NUMBER_OBJECT_CONVERSION = YES_AGGRESSIVE;
				CLANG_CXX_LANGUAGE_STANDARD = "gnu++14";
				CLANG_CXX_LIBRARY = "libc++";
				CLANG_ENABLE_MODULES = YES;
				CLANG_ENABLE_OBJC_ARC = YES;
				CLANG_ENABLE_OBJC_WEAK = YES;
				CLANG_WARN_BLOCK_CAPTURE_AUTORELEASING = YES;
				CLANG_WARN_BOOL_CONVERSION = YES;
				CLANG_WARN_COMMA = YES;
				CLANG_WARN_CONSTANT_CONVERSION = YES;
				CLANG_WARN_DEPRECATED_OBJC_IMPLEMENTATIONS = YES;
				CLANG_WARN_DIRECT_OBJC_ISA_USAGE = YES_ERROR;
				CLANG_WARN_DOCUMENTATION_COMMENTS = YES;
				CLANG_WARN_EMPTY_BODY = YES;
				CLANG_WARN_ENUM_CONVERSION = YES;
				CLANG_WARN_INFINITE_RECURSION = YES;
				CLANG_WARN_INT_CONVERSION = YES;
				CLANG_WARN_NON_LITERAL_NULL_CONVERSION = YES;
				CLANG_WARN_OBJC_IMPLICIT_RETAIN_SELF = YES;
				CLANG_WARN_OBJC_LITERAL_CONVERSION = YES;
				CLANG_WARN_OBJC_ROOT_CLASS = YES_ERROR;
				CLANG_WARN_RANGE_LOOP_ANALYSIS = YES;
				CLANG_WARN_STRICT_PROTOTYPES = YES;
				CLANG_WARN_SUSPICIOUS_MOVE = YES;
				CLANG_WARN_UNGUARDED_AVAILABILITY = YES_AGGRESSIVE;
				CLANG_WARN_UNREACHABLE_CODE = YES;
				CLANG_WARN__DUPLICATE_METHOD_MATCH = YES;
				CODE_SIGN_IDENTITY = "iPhone Developer";
				COPY_PHASE_STRIP = NO;
				DEBUG_INFORMATION_FORMAT = dwarf;
				ENABLE_STRICT_OBJC_MSGSEND = YES;
				ENABLE_TESTABILITY = YES;
				GCC_C_LANGUAGE_STANDARD = gnu11;
				GCC_DYNAMIC_NO_PIC = NO;
				GCC_NO_COMMON_BLOCKS = YES;
				GCC_OPTIMIZATION_LEVEL = 0;
				GCC_PREPROCESSOR_DEFINITIONS = (
					"DEBUG=1",
					"$(inherited)",
				);
				GCC_WARN_64_TO_32_BIT_CONVERSION = YES;
				GCC_WARN_ABOUT_RETURN_TYPE = YES_ERROR;
				GCC_WARN_UNDECLARED_SELECTOR = YES;
				GCC_WARN_UNINITIALIZED_AUTOS = YES_AGGRESSIVE;
				GCC_WARN_UNUSED_FUNCTION = YES;
				GCC_WARN_UNUSED_VARIABLE = YES;
				IPHONEOS_DEPLOYMENT_TARGET = 12.1;
				MTL_ENABLE_DEBUG_INFO = INCLUDE_SOURCE;
				MTL_FAST_MATH = YES;
				ONLY_ACTIVE_ARCH = YES;
				SDKROOT = iphoneos;
				SWIFT_ACTIVE_COMPILATION_CONDITIONS = DEBUG;
				SWIFT_OPTIMIZATION_LEVEL = "-Onone";
			};
			name = Debug;
		};
		AC293C55220CDEB3004F7AD0 /* Release */ = {
			isa = XCBuildConfiguration;
			buildSettings = {
				ALWAYS_SEARCH_USER_PATHS = NO;
				CLANG_ANALYZER_NONNULL = YES;
				CLANG_ANALYZER_NUMBER_OBJECT_CONVERSION = YES_AGGRESSIVE;
				CLANG_CXX_LANGUAGE_STANDARD = "gnu++14";
				CLANG_CXX_LIBRARY = "libc++";
				CLANG_ENABLE_MODULES = YES;
				CLANG_ENABLE_OBJC_ARC = YES;
				CLANG_ENABLE_OBJC_WEAK = YES;
				CLANG_WARN_BLOCK_CAPTURE_AUTORELEASING = YES;
				CLANG_WARN_BOOL_CONVERSION = YES;
				CLANG_WARN_COMMA = YES;
				CLANG_WARN_CONSTANT_CONVERSION = YES;
				CLANG_WARN_DEPRECATED_OBJC_IMPLEMENTATIONS = YES;
				CLANG_WARN_DIRECT_OBJC_ISA_USAGE = YES_ERROR;
				CLANG_WARN_DOCUMENTATION_COMMENTS = YES;
				CLANG_WARN_EMPTY_BODY = YES;
				CLANG_WARN_ENUM_CONVERSION = YES;
				CLANG_WARN_INFINITE_RECURSION = YES;
				CLANG_WARN_INT_CONVERSION = YES;
				CLANG_WARN_NON_LITERAL_NULL_CONVERSION = YES;
				CLANG_WARN_OBJC_IMPLICIT_RETAIN_SELF = YES;
				CLANG_WARN_OBJC_LITERAL_CONVERSION = YES;
				CLANG_WARN_OBJC_ROOT_CLASS = YES_ERROR;
				CLANG_WARN_RANGE_LOOP_ANALYSIS = YES;
				CLANG_WARN_STRICT_PROTOTYPES = YES;
				CLANG_WARN_SUSPICIOUS_MOVE = YES;
				CLANG_WARN_UNGUARDED_AVAILABILITY = YES_AGGRESSIVE;
				CLANG_WARN_UNREACHABLE_CODE = YES;
				CLANG_WARN__DUPLICATE_METHOD_MATCH = YES;
				CODE_SIGN_IDENTITY = "iPhone Developer";
				COPY_PHASE_STRIP = NO;
				DEBUG_INFORMATION_FORMAT = "dwarf-with-dsym";
				ENABLE_NS_ASSERTIONS = NO;
				ENABLE_STRICT_OBJC_MSGSEND = YES;
				GCC_C_LANGUAGE_STANDARD = gnu11;
				GCC_NO_COMMON_BLOCKS = YES;
				GCC_WARN_64_TO_32_BIT_CONVERSION = YES;
				GCC_WARN_ABOUT_RETURN_TYPE = YES_ERROR;
				GCC_WARN_UNDECLARED_SELECTOR = YES;
				GCC_WARN_UNINITIALIZED_AUTOS = YES_AGGRESSIVE;
				GCC_WARN_UNUSED_FUNCTION = YES;
				GCC_WARN_UNUSED_VARIABLE = YES;
				IPHONEOS_DEPLOYMENT_TARGET = 12.1;
				MTL_ENABLE_DEBUG_INFO = NO;
				MTL_FAST_MATH = YES;
				SDKROOT = iphoneos;
				SWIFT_COMPILATION_MODE = wholemodule;
				SWIFT_OPTIMIZATION_LEVEL = "-O";
				VALIDATE_PRODUCT = YES;
			};
			name = Release;
		};
		AC293C57220CDEB3004F7AD0 /* Debug */ = {
			isa = XCBuildConfiguration;
			buildSettings = {
				ASSETCATALOG_COMPILER_APPICON_NAME = AppIcon;
				CODE_SIGN_STYLE = Automatic;
				INFOPLIST_FILE = app/Info.plist;
				LD_RUNPATH_SEARCH_PATHS = (
					"$(inherited)",
					"@executable_path/Frameworks",
				);
				PRODUCT_BUNDLE_IDENTIFIER = glitch.app;
				PRODUCT_NAME = "$(TARGET_NAME)";
				SWIFT_VERSION = 4.2;
				TARGETED_DEVICE_FAMILY = "1,2";
			};
			name = Debug;
		};
		AC293C58220CDEB3004F7AD0 /* Release */ = {
			isa = XCBuildConfiguration;
			buildSettings = {
				ASSETCATALOG_COMPILER_APPICON_NAME = AppIcon;
				CODE_SIGN_STYLE = Automatic;
				INFOPLIST_FILE = app/Info.plist;
				LD_RUNPATH_SEARCH_PATHS = (
					"$(inherited)",
					"@executable_path/Frameworks",
				);
				PRODUCT_BUNDLE_IDENTIFIER = glitch.app;
				PRODUCT_NAME = "$(TARGET_NAME)";
				SWIFT_VERSION = 4.2;
				TARGETED_DEVICE_FAMILY = "1,2";
			};
			name = Release;
		};
		AC293C5A220CDEB3004F7AD0 /* Debug */ = {
			isa = XCBuildConfiguration;
			buildSettings = {
				ALWAYS_EMBED_SWIFT_STANDARD_LIBRARIES = YES;
				BUNDLE_LOADER = "$(TEST_HOST)";
				CODE_SIGN_STYLE = Automatic;
				INFOPLIST_FILE = appTests/Info.plist;
				LD_RUNPATH_SEARCH_PATHS = (
					"$(inherited)",
					"@executable_path/Frameworks",
					"@loader_path/Frameworks",
				);
				PRODUCT_BUNDLE_IDENTIFIER = glitch.appTests;
				PRODUCT_NAME = "$(TARGET_NAME)";
				SWIFT_VERSION = 4.2;
				TARGETED_DEVICE_FAMILY = "1,2";
				TEST_HOST = "$(BUILT_PRODUCTS_DIR)/app.app/app";
			};
			name = Debug;
		};
		AC293C5B220CDEB3004F7AD0 /* Release */ = {
			isa = XCBuildConfiguration;
			buildSettings = {
				ALWAYS_EMBED_SWIFT_STANDARD_LIBRARIES = YES;
				BUNDLE_LOADER = "$(TEST_HOST)";
				CODE_SIGN_STYLE = Automatic;
				INFOPLIST_FILE = appTests/Info.plist;
				LD_RUNPATH_SEARCH_PATHS = (
					"$(inherited)",
					"@executable_path/Frameworks",
					"@loader_path/Frameworks",
				);
				PRODUCT_BUNDLE_IDENTIFIER = glitch.appTests;
				PRODUCT_NAME = "$(TARGET_NAME)";
				SWIFT_VERSION = 4.2;
				TARGETED_DEVICE_FAMILY = "1,2";
				TEST_HOST = "$(BUILT_PRODUCTS_DIR)/app.app/app";
			};
			name = Release;
		};
		AC293C5D220CDEB3004F7AD0 /* Debug */ = {
			isa = XCBuildConfiguration;
			buildSettings = {
				ALWAYS_EMBED_SWIFT_STANDARD_LIBRARIES = YES;
				CODE_SIGN_STYLE = Automatic;
				INFOPLIST_FILE = appUITests/Info.plist;
				LD_RUNPATH_SEARCH_PATHS = (
					"$(inherited)",
					"@executable_path/Frameworks",
					"@loader_path/Frameworks",
				);
				PRODUCT_BUNDLE_IDENTIFIER = glitch.appUITests;
				PRODUCT_NAME = "$(TARGET_NAME)";
				SWIFT_VERSION = 4.2;
				TARGETED_DEVICE_FAMILY = "1,2";
				TEST_TARGET_NAME = app;
			};
			name = Debug;
		};
		AC293C5E220CDEB3004F7AD0 /* Release */ = {
			isa = XCBuildConfiguration;
			buildSettings = {
				ALWAYS_EMBED_SWIFT_STANDARD_LIBRARIES = YES;
				CODE_SIGN_STYLE = Automatic;
				INFOPLIST_FILE = appUITests/Info.plist;
				LD_RUNPATH_SEARCH_PATHS = (
					"$(inherited)",
					"@executable_path/Frameworks",
					"@loader_path/Frameworks",
				);
				PRODUCT_BUNDLE_IDENTIFIER = glitch.appUITests;
				PRODUCT_NAME = "$(TARGET_NAME)";
				SWIFT_VERSION = 4.2;
				TARGETED_DEVICE_FAMILY = "1,2";
				TEST_TARGET_NAME = app;
			};
			name = Release;
		};
/* End XCBuildConfiguration section */

/* Begin XCConfigurationList section */
		AC293C29220CDEB0004F7AD0 /* Build configuration list for PBXProject "app" */ = {
			isa = XCConfigurationList;
			buildConfigurations = (
				AC293C54220CDEB3004F7AD0 /* Debug */,
				AC293C55220CDEB3004F7AD0 /* Release */,
			);
			defaultConfigurationIsVisible = 0;
			defaultConfigurationName = Release;
		};
		AC293C56220CDEB3004F7AD0 /* Build configuration list for PBXNativeTarget "app" */ = {
			isa = XCConfigurationList;
			buildConfigurations = (
				AC293C57220CDEB3004F7AD0 /* Debug */,
				AC293C58220CDEB3004F7AD0 /* Release */,
			);
			defaultConfigurationIsVisible = 0;
			defaultConfigurationName = Release;
		};
		AC293C59220CDEB3004F7AD0 /* Build configuration list for PBXNativeTarget "appTests" */ = {
			isa = XCConfigurationList;
			buildConfigurations = (
				AC293C5A220CDEB3004F7AD0 /* Debug */,
				AC293C5B220CDEB3004F7AD0 /* Release */,
			);
			defaultConfigurationIsVisible = 0;
			defaultConfigurationName = Release;
		};
		AC293C5C220CDEB3004F7AD0 /* Build configuration list for PBXNativeTarget "appUITests" */ = {
			isa = XCConfigurationList;
			buildConfigurations = (
				AC293C5D220CDEB3004F7AD0 /* Debug */,
				AC293C5E220CDEB3004F7AD0 /* Release */,
			);
			defaultConfigurationIsVisible = 0;
			defaultConfigurationName = Release;
		};
/* End XCConfigurationList section */
	};
	rootObject = AC293C26220CDEB0004F7AD0 /* Project object */;
}
